
Microsoft Visual Studio Solution File, Format Version 12.00
# Visual Studio 2012
Project("{FAE04EC0-301F-11D3-BF4B-00C04F79EFBC}") = "LeagueOfChampios", "LeagueOfChampios\LeagueOfChampios.csproj", "{D4384868-6098-4A99-9644-C53E57C3F1BF}"
EndProject
Project("{FAE04EC0-301F-11D3-BF4B-00C04F79EFBC}") = "LeagueOfChampios.Tests", "LeagueOfChampios.Tests\LeagueOfChampios.Tests.csproj", "{3AAA6A44-A7B8-4FFC-8540-9220214E0739}"
EndProject
Global
	GlobalSection(SolutionConfigurationPlatforms) = preSolution
		Debug|Any CPU = Debug|Any CPU
		Release|Any CPU = Release|Any CPU
	EndGlobalSection
	GlobalSection(ProjectConfigurationPlatforms) = postSolution
		{D4384868-6098-4A99-9644-C53E57C3F1BF}.Debug|Any CPU.ActiveCfg = Debug|Any CPU
		{D4384868-6098-4A99-9644-C53E57C3F1BF}.Debug|Any CPU.Build.0 = Debug|Any CPU
		{D4384868-6098-4A99-9644-C53E57C3F1BF}.Release|Any CPU.ActiveCfg = Release|Any CPU
		{D4384868-6098-4A99-9644-C53E57C3F1BF}.Release|Any CPU.Build.0 = Release|Any CPU
		{3AAA6A44-A7B8-4FFC-8540-9220214E0739}.Debug|Any CPU.ActiveCfg = Debug|Any CPU
		{3AAA6A44-A7B8-4FFC-8540-9220214E0739}.Debug|Any CPU.Build.0 = Debug|Any CPU
		{3AAA6A44-A7B8-4FFC-8540-9220214E0739}.Release|Any CPU.ActiveCfg = Release|Any CPU
		{3AAA6A44-A7B8-4FFC-8540-9220214E0739}.Release|Any CPU.Build.0 = Release|Any CPU
	EndGlobalSection
	GlobalSection(SolutionProperties) = preSolution
		HideSolutionNode = FALSE
	EndGlobalSection
EndGlobal
